{
  "name": "cv-tailor-vercel-root",
  "version": "0.1.0",
  "lockfileVersion": 3,
  "requires": true,
  "packages": {
    "": {
      "name": "cv-tailor-vercel-root",
      "version": "0.1.0",
      "dependencies": {
        "@myriaddreamin/typst-ts-node-compiler": "^0.6.1-rc3"
      },
      "devDependencies": {
        "typescript": "^5.6.3"
      }
    },
    "node_modules/@myriaddreamin/typst-ts-node-compiler": {
      "version": "0.6.1-rc5",
      "resolved": "https://registry.npmjs.org/@myriaddreamin/typst-ts-node-compiler/-/typst-ts-node-compiler-0.6.1-rc5.tgz",
      "integrity": "sha512-C5J41b3pWyY+UrOpzHYeR4F4hcyrtdIlFFd6KbbPULWQTPlZB/HwaNC0MyCodqSVVjSgNyg8C4y4QzMBHDo+qw==",
      "license": "Apache-2.0",
      "engines": {
        "node": ">= 10"
      },
      "optionalDependencies": {
        "@myriaddreamin/typst-ts-node-compiler-android-arm-eabi": "0.6.1-rc5",
        "@myriaddreamin/typst-ts-node-compiler-android-arm64": "0.6.1-rc5",
        "@myriaddreamin/typst-ts-node-compiler-darwin-arm64": "0.6.1-rc5",
        "@myriaddreamin/typst-ts-node-compiler-darwin-x64": "0.6.1-rc5",
        "@myriaddreamin/typst-ts-node-compiler-linux-arm-gnueabihf": "0.6.1-rc5",
        "@myriaddreamin/typst-ts-node-compiler-linux-arm64-gnu": "0.6.1-rc5",
        "@myriaddreamin/typst-ts-node-compiler-linux-arm64-musl": "0.6.1-rc5",
        "@myriaddreamin/typst-ts-node-compiler-linux-x64-gnu": "0.6.1-rc5",
        "@myriaddreamin/typst-ts-node-compiler-linux-x64-musl": "0.6.1-rc5",
        "@myriaddreamin/typst-ts-node-compiler-win32-arm64-msvc": "0.6.1-rc5",
        "@myriaddreamin/typst-ts-node-compiler-win32-x64-msvc": "0.6.1-rc5"
      }
    },
    "node_modules/@myriaddreamin/typst-ts-node-compiler-android-arm-eabi": {
      "version": "0.6.1-rc5",
      "resolved": "https://registry.npmjs.org/@myriaddreamin/typst-ts-node-compiler-android-arm-eabi/-/typst-ts-node-compiler-android-arm-eabi-0.6.1-rc5.tgz",
      "integrity": "sha512-LGk9Iz3GLbVp7vMFsepaHV18tIdz506822k/64Mhmsuko4ratK2Jd9ocILAye24Uh2u0qyjttE33wwm/hVv28g==",
      "cpu": [
        "arm"
      ],
      "license": "Apache-2.0",
      "optional": true,
      "os": [
        "android"
      ],
      "engines": {
        "node": ">= 10"
      }
    },
    "node_modules/@myriaddreamin/typst-ts-node-compiler-android-arm64": {
      "version": "0.6.1-rc5",
      "resolved": "https://registry.npmjs.org/@myriaddreamin/typst-ts-node-compiler-android-arm64/-/typst-ts-node-compiler-android-arm64-0.6.1-rc5.tgz",
      "integrity": "sha512-mRm0ceNGAwgR+ta9tcMyYqBFfxSrtnMUGCAjDwaCnaMiFYjMODKF6/CLZyasMMiPNOVEdx9aBq522WSKzSnT1g==",
      "cpu": [
        "arm64"
      ],
      "license": "Apache-2.0",
      "optional": true,
      "os": [
        "android"
      ],
      "engines": {
        "node": ">= 10"
      }
    },
    "node_modules/@myriaddreamin/typst-ts-node-compiler-darwin-arm64": {
      "version": "0.6.1-rc5",
      "resolved": "https://registry.npmjs.org/@myriaddreamin/typst-ts-node-compiler-darwin-arm64/-/typst-ts-node-compiler-darwin-arm64-0.6.1-rc5.tgz",
      "integrity": "sha512-7JpwKiSx+TUY6y1qZTQC2kGtH84SbSdkSwFLNystDZbAjpHa8aTgFHC+tJmBDoeDh0kM3DWvd3PsrbjCrPD9Kw==",
      "cpu": [
        "arm64"
      ],
      "license": "Apache-2.0",
      "optional": true,
      "os": [
        "darwin"
      ],
      "engines": {
        "node": ">= 10"
      }
    },
    "node_modules/@myriaddreamin/typst-ts-node-compiler-darwin-x64": {
      "version": "0.6.1-rc5",
      "resolved": "https://registry.npmjs.org/@myriaddreamin/typst-ts-node-compiler-darwin-x64/-/typst-ts-node-compiler-darwin-x64-0.6.1-rc5.tgz",
      "integrity": "sha512-3q+bsNSInfsc3VCUhjUJ+nSi01H7/mad+Fs4gERjnMvjfDyl/J549rzoyD2dQOswL7i9j5mww4GvDijrh7NtYw==",
      "cpu": [
        "x64"
      ],
      "license": "Apache-2.0",
      "optional": true,
      "os": [
        "darwin"
      ],
      "engines": {
        "node": ">= 10"
      }
    },
    "node_modules/@myriaddreamin/typst-ts-node-compiler-linux-arm-gnueabihf": {
      "version": "0.6.1-rc5",
      "resolved": "https://registry.npmjs.org/@myriaddreamin/typst-ts-node-compiler-linux-arm-gnueabihf/-/typst-ts-node-compiler-linux-arm-gnueabihf-0.6.1-rc5.tgz",
      "integrity": "sha512-8/52NgCf1283BHHFJlmwWuBdh9Aih2UvZNfXZEL7JNjwsqA6vPsAuiqZXSTn1k7HkDjigRHp0MORA83XR/jwvQ==",
      "cpu": [
        "arm"
      ],
      "license": "Apache-2.0",
      "optional": true,
      "os": [
        "linux"
      ],
      "engines": {
        "node": ">= 10"
      }
    },
    "node_modules/@myriaddreamin/typst-ts-node-compiler-linux-arm64-gnu": {
      "version": "0.6.1-rc5",
      "resolved": "https://registry.npmjs.org/@myriaddreamin/typst-ts-node-compiler-linux-arm64-gnu/-/typst-ts-node-compiler-linux-arm64-gnu-0.6.1-rc5.tgz",
      "integrity": "sha512-Y7RX9CJ289M3agC6HC4sUbDnzDRZpPXVQEeZvy/+wJh5Y/G9Nzlh8hLGyt4DtM64t9K1glUtGX+hA0ZFNIQvVw==",
      "cpu": [
        "arm64"
      ],
      "license": "Apache-2.0",
      "optional": true,
      "os": [
        "linux"
      ],
      "engines": {
        "node": ">= 10"
      }
    },
    "node_modules/@myriaddreamin/typst-ts-node-compiler-linux-arm64-musl": {
      "version": "0.6.1-rc5",
      "resolved": "https://registry.npmjs.org/@myriaddreamin/typst-ts-node-compiler-linux-arm64-musl/-/typst-ts-node-compiler-linux-arm64-musl-0.6.1-rc5.tgz",
      "integrity": "sha512-+fcejszyGuLH6IC8qBFCM9Gzs5yOWSNfH7e9E+Yr8TFg7FsyeJ5QUAx7ySpnZxkR2MiiVBoEWL6A9+eL4WSgTQ==",
      "cpu": [
        "arm64"
      ],
      "license": "Apache-2.0",
      "optional": true,
      "os": [
        "linux"
      ],
      "engines": {
        "node": ">= 10"
      }
    },
    "node_modules/@myriaddreamin/typst-ts-node-compiler-linux-x64-gnu": {
      "version": "0.6.1-rc5",
      "resolved": "https://registry.npmjs.org/@myriaddreamin/typst-ts-node-compiler-linux-x64-gnu/-/typst-ts-node-compiler-linux-x64-gnu-0.6.1-rc5.tgz",
      "integrity": "sha512-cC8L3fWAjMqFEtRoSS0uk12UC98uIyPBqVPW/5Nf2n4ZREOB5yabXlO8uy6KPV04REJbWx/HfxaT7MmFwEvIlw==",
      "cpu": [
        "x64"
      ],
      "license": "Apache-2.0",
      "optional": true,
      "os": [
        "linux"
      ],
      "engines": {
        "node": ">= 10"
      }
    },
    "node_modules/@myriaddreamin/typst-ts-node-compiler-linux-x64-musl": {
      "version": "0.6.1-rc5",
      "resolved": "https://registry.npmjs.org/@myriaddreamin/typst-ts-node-compiler-linux-x64-musl/-/typst-ts-node-compiler-linux-x64-musl-0.6.1-rc5.tgz",
      "integrity": "sha512-epJzzzYGdsBGENk27GyliuzWOHdeTW+jtX0niMS6/0tKUvKJ8jbD1wpU5x5SpTAmQmzoyxctWaw5rLkRhrCXjQ==",
      "cpu": [
        "x64"
      ],
      "license": "Apache-2.0",
      "optional": true,
      "os": [
        "linux"
      ],
      "engines": {
        "node": ">= 10"
      }
    },
    "node_modules/@myriaddreamin/typst-ts-node-compiler-win32-arm64-msvc": {
      "version": "0.6.1-rc5",
      "resolved": "https://registry.npmjs.org/@myriaddreamin/typst-ts-node-compiler-win32-arm64-msvc/-/typst-ts-node-compiler-win32-arm64-msvc-0.6.1-rc5.tgz",
      "integrity": "sha512-xwiJm7czxg/aZw5WiDgzb7fTukAte9MsM8qQOZcWs593SVfSrv9O14dfeSo9D4v7f6RrDOfQyQQ39AFVIxe8rA==",
      "cpu": [
        "arm64"
      ],
      "license": "Apache-2.0",
      "optional": true,
      "os": [
        "win32"
      ],
      "engines": {
        "node": ">= 10"
      }
    },
    "node_modules/@myriaddreamin/typst-ts-node-compiler-win32-x64-msvc": {
      "version": "0.6.1-rc5",
      "resolved": "https://registry.npmjs.org/@myriaddreamin/typst-ts-node-compiler-win32-x64-msvc/-/typst-ts-node-compiler-win32-x64-msvc-0.6.1-rc5.tgz",
      "integrity": "sha512-7jZ1DKoO0as6RdeaD7W0/wZwUtun8FRr1bW1UFanJ6C5vJCCnS/aCcHR7aYGA7bvxM4min04fUYvTk/hpERzcQ==",
      "cpu": [
        "x64"
      ],
      "license": "Apache-2.0",
      "optional": true,
      "os": [
        "win32"
      ],
      "engines": {
        "node": ">= 10"
      }
    },
    "node_modules/typescript": {
      "version": "5.9.3",
      "resolved": "https://registry.npmjs.org/typescript/-/typescript-5.9.3.tgz",
      "integrity": "sha512-jl1vZzPDinLr9eUt3J/t7V6FgNEw9QjvBPdysz9KfQDD41fQrC2Y4vKQdiaUpFT4bXlb1RHhLpp8wtm6M5TgSw==",
      "dev": true,
      "license": "Apache-2.0",
      "bin": {
        "tsc": "bin/tsc",
        "tsserver": "bin/tsserver"
      },
      "engines": {
        "node": ">=14.17"
      }
    }
  }
}
